// !$*UTF8*$!
{
	archiveVersion = 1;
	classes = {
	};
	objectVersion = 55;
	objects = {

/* Begin PBXBuildFile section */
		4BC4EBF528B934F900E8343C /* VisionSandboxApp.swift in Sources */ = {isa = PBXBuildFile; fileRef = 4BC4EBF428B934F900E8343C /* VisionSandboxApp.swift */; };
		4BC4EBF728B934F900E8343C /* ContentView.swift in Sources */ = {isa = PBXBuildFile; fileRef = 4BC4EBF628B934F900E8343C /* ContentView.swift */; };
		4BC4EBF928B934FA00E8343C /* Assets.xcassets in Resources */ = {isa = PBXBuildFile; fileRef = 4BC4EBF828B934FA00E8343C /* Assets.xcassets */; };
		4BC4EBFC28B934FA00E8343C /* Preview Assets.xcassets in Resources */ = {isa = PBXBuildFile; fileRef = 4BC4EBFB28B934FA00E8343C /* Preview Assets.xcassets */; };
		4BC4EC0628B93CFF00E8343C /* image2.png in Resources */ = {isa = PBXBuildFile; fileRef = 4BC4EC0328B93CFF00E8343C /* image2.png */; };
		4BC4EC0728B93CFF00E8343C /* image3.png in Resources */ = {isa = PBXBuildFile; fileRef = 4BC4EC0428B93CFF00E8343C /* image3.png */; };
		4BC4EC0828B93CFF00E8343C /* image1.png in Resources */ = {isa = PBXBuildFile; fileRef = 4BC4EC0528B93CFF00E8343C /* image1.png */; };
		4BC4EC0A28B93D5A00E8343C /* VisionService.swift in Sources */ = {isa = PBXBuildFile; fileRef = 4BC4EC0928B93D5A00E8343C /* VisionService.swift */; };
		4BC4EC0E28BA73A200E8343C /* image4.png in Resources */ = {isa = PBXBuildFile; fileRef = 4BC4EC0D28BA73A200E8343C /* image4.png */; };
/* End PBXBuildFile section */

/* Begin PBXFileReference section */
		4BC4EBF128B934F900E8343C /* VisionSandbox.app */ = {isa = PBXFileReference; explicitFileType = wrapper.application; includeInIndex = 0; path = VisionSandbox.app; sourceTree = BUILT_PRODUCTS_DIR; };
		4BC4EBF428B934F900E8343C /* VisionSandboxApp.swift */ = {isa = PBXFileReference; lastKnownFileType = sourcecode.swift; path = VisionSandboxApp.swift; sourceTree = "<group>"; };
		4BC4EBF628B934F900E8343C /* ContentView.swift */ = {isa = PBXFileReference; lastKnownFileType = sourcecode.swift; path = ContentView.swift; sourceTree = "<group>"; };
		4BC4EBF828B934FA00E8343C /* Assets.xcassets */ = {isa = PBXFileReference; lastKnownFileType = folder.assetcatalog; path = Assets.xcassets; sourceTree = "<group>"; };
		4BC4EBFB28B934FA00E8343C /* Preview Assets.xcassets */ = {isa = PBXFileReference; lastKnownFileType = folder.assetcatalog; path = "Preview Assets.xcassets"; sourceTree = "<group>"; };
		4BC4EC0328B93CFF00E8343C /* image2.png */ = {isa = PBXFileReference; lastKnownFileType = image.png; path = image2.png; sourceTree = "<group>"; };
		4BC4EC0428B93CFF00E8343C /* image3.png */ = {isa = PBXFileReference; lastKnownFileType = image.png; path = image3.png; sourceTree = "<group>"; };
		4BC4EC0528B93CFF00E8343C /* image1.png */ = {isa = PBXFileReference; lastKnownFileType = image.png; path = image1.png; sourceTree = "<group>"; };
		4BC4EC0928B93D5A00E8343C /* VisionService.swift */ = {isa = PBXFileReference; lastKnownFileType = sourcecode.swift; path = VisionService.swift; sourceTree = "<group>"; };
		4BC4EC0D28BA73A200E8343C /* image4.png */ = {isa = PBXFileReference; lastKnownFileType = image.png; path = image4.png; sourceTree = "<group>"; };
/* End PBXFileReference section */

/* Begin PBXFrameworksBuildPhase section */
		4BC4EBEE28B934F900E8343C /* Frameworks */ = {
			isa = PBXFrameworksBuildPhase;
			buildActionMask = 2147483647;
			files = (
			);
			runOnlyForDeploymentPostprocessing = 0;
		};
/* End PBXFrameworksBuildPhase section */

/* Begin PBXGroup section */
		4BC4EBE828B934F900E8343C = {
			isa = PBXGroup;
			children = (
				4BC4EBF328B934F900E8343C /* VisionSandbox */,
				4BC4EBF228B934F900E8343C /* Products */,
			);
			sourceTree = "<group>";
		};
		4BC4EBF228B934F900E8343C /* Products */ = {
			isa = PBXGroup;
			children = (
				4BC4EBF128B934F900E8343C /* VisionSandbox.app */,
			);
			name = Products;
			sourceTree = "<group>";
		};
		4BC4EBF328B934F900E8343C /* VisionSandbox */ = {
			isa = PBXGroup;
			children = (
				4BC4EC0228B93CD400E8343C /* Images */,
				4BC4EBF428B934F900E8343C /* VisionSandboxApp.swift */,
				4BC4EC0928B93D5A00E8343C /* VisionService.swift */,
				4BC4EBF628B934F900E8343C /* ContentView.swift */,
				4BC4EBF828B934FA00E8343C /* Assets.xcassets */,
				4BC4EBFA28B934FA00E8343C /* Preview Content */,
			);
			path = VisionSandbox;
			sourceTree = "<group>";
		};
		4BC4EBFA28B934FA00E8343C /* Preview Content */ = {
			isa = PBXGroup;
			children = (
				4BC4EBFB28B934FA00E8343C /* Preview Assets.xcassets */,
			);
			path = "Preview Content";
			sourceTree = "<group>";
		};
		4BC4EC0228B93CD400E8343C /* Images */ = {
			isa = PBXGroup;
			children = (
				4BC4EC0528B93CFF00E8343C /* image1.png */,
				4BC4EC0328B93CFF00E8343C /* image2.png */,
				4BC4EC0428B93CFF00E8343C /* image3.png */,
				4BC4EC0D28BA73A200E8343C /* image4.png */,
			);
			path = Images;
			sourceTree = "<group>";
		};
/* End PBXGroup section */

/* Begin PBXNativeTarget section */
		4BC4EBF028B934F900E8343C /* VisionSandbox */ = {
			isa = PBXNativeTarget;
			buildConfigurationList = 4BC4EBFF28B934FA00E8343C /* Build configuration list for PBXNativeTarget "VisionSandbox" */;
			buildPhases = (
				4BC4EBED28B934F900E8343C /* Sources */,
				4BC4EBEE28B934F900E8343C /* Frameworks */,
				4BC4EBEF28B934F900E8343C /* Resources */,
			);
			buildRules = (
			);
			dependencies = (
			);
			name = VisionSandbox;
			productName = VisionSandbox;
			productReference = 4BC4EBF128B934F900E8343C /* VisionSandbox.app */;
			productType = "com.apple.product-type.application";
		};
/* End PBXNativeTarget section */

/* Begin PBXProject section */
		4BC4EBE928B934F900E8343C /* Project object */ = {
			isa = PBXProject;
			attributes = {
				BuildIndependentTargetsInParallel = 1;
				LastSwiftUpdateCheck = 1340;
				LastUpgradeCheck = 1340;
				TargetAttributes = {
					4BC4EBF028B934F900E8343C = {
						CreatedOnToolsVersion = 13.4.1;
					};
				};
			};
			buildConfigurationList = 4BC4EBEC28B934F900E8343C /* Build configuration list for PBXProject "VisionSandbox" */;
			compatibilityVersion = "Xcode 13.0";
			developmentRegion = en;
			hasScannedForEncodings = 0;
			knownRegions = (
				en,
				Base,
			);
			mainGroup = 4BC4EBE828B934F900E8343C;
			productRefGroup = 4BC4EBF228B934F900E8343C /* Products */;
			projectDirPath = "";
			projectRoot = "";
			targets = (
				4BC4EBF028B934F900E8343C /* VisionSandbox */,
			);
		};
/* End PBXProject section */

/* Begin PBXResourcesBuildPhase section */
		4BC4EBEF28B934F900E8343C /* Resources */ = {
			isa = PBXResourcesBuildPhase;
			buildActionMask = 2147483647;
			files = (
				4BC4EC0E28BA73A200E8343C /* image4.png in Resources */,
				4BC4EBFC28B934FA00E8343C /* Preview Assets.xcassets in Resources */,
				4BC4EC0828B93CFF00E8343C /* image1.png in Resources */,
				4BC4EBF928B934FA00E8343C /* Assets.xcassets in Resources */,
				4BC4EC0628B93CFF00E8343C /* image2.png in Resources */,
				4BC4EC0728B93CFF00E8343C /* image3.png in Resources */,
			);
			runOnlyForDeploymentPostprocessing = 0;
		};
/* End PBXResourcesBuildPhase section */

/* Begin PBXSourcesBuildPhase section */
		4BC4EBED28B934F900E8343C /* Sources */ = {
			isa = PBXSourcesBuildPhase;
			buildActionMask = 2147483647;
			files = (
				4BC4EBF728B934F900E8343C /* ContentView.swift in Sources */,
				4BC4EC0A28B93D5A00E8343C /* VisionService.swift in Sources */,
				4BC4EBF528B934F900E8343C /* VisionSandboxApp.swift in Sources */,
			);
			runOnlyForDeploymentPostprocessing = 0;
		};
/* End PBXSourcesBuildPhase section */

/* Begin XCBuildConfiguration section */
		4BC4EBFD28B934FA00E8343C /* Debug */ = {
			isa = XCBuildConfiguration;
			buildSettings = {
				ALWAYS_SEARCH_USER_PATHS = NO;
				CLANG_ANALYZER_NONNULL = YES;
				CLANG_ANALYZER_NUMBER_OBJECT_CONVERSION = YES_AGGRESSIVE;
				CLANG_CXX_LANGUAGE_STANDARD = "gnu++17";
				CLANG_ENABLE_MODULES = YES;
				CLANG_ENABLE_OBJC_ARC = YES;
				CLANG_ENABLE_OBJC_WEAK = YES;
				CLANG_WARN_BLOCK_CAPTURE_AUTORELEASING = YES;
				CLANG_WARN_BOOL_CONVERSION = YES;
				CLANG_WARN_COMMA = YES;
				CLANG_WARN_CONSTANT_CONVERSION = YES;
				CLANG_WARN_DEPRECATED_OBJC_IMPLEMENTATIONS = YES;
				CLANG_WARN_DIRECT_OBJC_ISA_USAGE = YES_ERROR;
				CLANG_WARN_DOCUMENTATION_COMMENTS = YES;
				CLANG_WARN_EMPTY_BODY = YES;
				CLANG_WARN_ENUM_CONVERSION = YES;
				CLANG_WARN_INFINITE_RECURSION = YES;
				CLANG_WARN_INT_CONVERSION = YES;
				CLANG_WARN_NON_LITERAL_NULL_CONVERSION = YES;
				CLANG_WARN_OBJC_IMPLICIT_RETAIN_SELF = YES;
				CLANG_WARN_OBJC_LITERAL_CONVERSION = YES;
				CLANG_WARN_OBJC_ROOT_CLASS = YES_ERROR;
				CLANG_WARN_QUOTED_INCLUDE_IN_FRAMEWORK_HEADER = YES;
				CLANG_WARN_RANGE_LOOP_ANALYSIS = YES;
				CLANG_WARN_STRICT_PROTOTYPES = YES;
				CLANG_WARN_SUSPICIOUS_MOVE = YES;
				CLANG_WARN_UNGUARDED_AVAILABILITY = YES_AGGRESSIVE;
				CLANG_WARN_UNREACHABLE_CODE = YES;
				CLANG_WARN__DUPLICATE_METHOD_MATCH = YES;
				COPY_PHASE_STRIP = NO;
				DEBUG_INFORMATION_FORMAT = dwarf;
				ENABLE_STRICT_OBJC_MSGSEND = YES;
				ENABLE_TESTABILITY = YES;
				GCC_C_LANGUAGE_STANDARD = gnu11;
				GCC_DYNAMIC_NO_PIC = NO;
				GCC_NO_COMMON_BLOCKS = YES;
				GCC_OPTIMIZATION_LEVEL = 0;
				GCC_PREPROCESSOR_DEFINITIONS = (
					"DEBUG=1",
					"$(inherited)",
				);
				GCC_WARN_64_TO_32_BIT_CONVERSION = YES;
				GCC_WARN_ABOUT_RETURN_TYPE = YES_ERROR;
				GCC_WARN_UNDECLARED_SELECTOR = YES;
				GCC_WARN_UNINITIALIZED_AUTOS = YES_AGGRESSIVE;
				GCC_WARN_UNUSED_FUNCTION = YES;
				GCC_WARN_UNUSED_VARIABLE = YES;
				IPHONEOS_DEPLOYMENT_TARGET = 15.5;
				MTL_ENABLE_DEBUG_INFO = INCLUDE_SOURCE;
				MTL_FAST_MATH = YES;
				ONLY_ACTIVE_ARCH = YES;
				SDKROOT = iphoneos;
				SWIFT_ACTIVE_COMPILATION_CONDITIONS = DEBUG;
				SWIFT_OPTIMIZATION_LEVEL = "-Onone";
			};
			name = Debug;
		};
		4BC4EBFE28B934FA00E8343C /* Release */ = {
			isa = XCBuildConfiguration;
			buildSettings = {
				ALWAYS_SEARCH_USER_PATHS = NO;
				CLANG_ANALYZER_NONNULL = YES;
				CLANG_ANALYZER_NUMBER_OBJECT_CONVERSION = YES_AGGRESSIVE;
				CLANG_CXX_LANGUAGE_STANDARD = "gnu++17";
				CLANG_ENABLE_MODULES = YES;
				CLANG_ENABLE_OBJC_ARC = YES;
				CLANG_ENABLE_OBJC_WEAK = YES;
				CLANG_WARN_BLOCK_CAPTURE_AUTORELEASING = YES;
				CLANG_WARN_BOOL_CONVERSION = YES;
				CLANG_WARN_COMMA = YES;
				CLANG_WARN_CONSTANT_CONVERSION = YES;
				CLANG_WARN_DEPRECATED_OBJC_IMPLEMENTATIONS = YES;
				CLANG_WARN_DIRECT_OBJC_ISA_USAGE = YES_ERROR;
				CLANG_WARN_DOCUMENTATION_COMMENTS = YES;
				CLANG_WARN_EMPTY_BODY = YES;
				CLANG_WARN_ENUM_CONVERSION = YES;
				CLANG_WARN_INFINITE_RECURSION = YES;
				CLANG_WARN_INT_CONVERSION = YES;
				CLANG_WARN_NON_LITERAL_NULL_CONVERSION = YES;
				CLANG_WARN_OBJC_IMPLICIT_RETAIN_SELF = YES;
				CLANG_WARN_OBJC_LITERAL_CONVERSION = YES;
				CLANG_WARN_OBJC_ROOT_CLASS = YES_ERROR;
				CLANG_WARN_QUOTED_INCLUDE_IN_FRAMEWORK_HEADER = YES;
				CLANG_WARN_RANGE_LOOP_ANALYSIS = YES;
				CLANG_WARN_STRICT_PROTOTYPES = YES;
				CLANG_WARN_SUSPICIOUS_MOVE = YES;
				CLANG_WARN_UNGUARDED_AVAILABILITY = YES_AGGRESSIVE;
				CLANG_WARN_UNREACHABLE_CODE = YES;
				CLANG_WARN__DUPLICATE_METHOD_MATCH = YES;
				COPY_PHASE_STRIP = NO;
				DEBUG_INFORMATION_FORMAT = "dwarf-with-dsym";
				ENABLE_NS_ASSERTIONS = NO;
				ENABLE_STRICT_OBJC_MSGSEND = YES;
				GCC_C_LANGUAGE_STANDARD = gnu11;
				GCC_NO_COMMON_BLOCKS = YES;
				GCC_WARN_64_TO_32_BIT_CONVERSION = YES;
				GCC_WARN_ABOUT_RETURN_TYPE = YES_ERROR;
				GCC_WARN_UNDECLARED_SELECTOR = YES;
				GCC_WARN_UNINITIALIZED_AUTOS = YES_AGGRESSIVE;
				GCC_WARN_UNUSED_FUNCTION = YES;
				GCC_WARN_UNUSED_VARIABLE = YES;
				IPHONEOS_DEPLOYMENT_TARGET = 15.5;
				MTL_ENABLE_DEBUG_INFO = NO;
				MTL_FAST_MATH = YES;
				SDKROOT = iphoneos;
				SWIFT_COMPILATION_MODE = wholemodule;
				SWIFT_OPTIMIZATION_LEVEL = "-O";
				VALIDATE_PRODUCT = YES;
			};
			name = Release;
		};
		4BC4EC0028B934FA00E8343C /* Debug */ = {
			isa = XCBuildConfiguration;
			buildSettings = {
				ASSETCATALOG_COMPILER_APPICON_NAME = AppIcon;
				ASSETCATALOG_COMPILER_GLOBAL_ACCENT_COLOR_NAME = AccentColor;
				CODE_SIGN_STYLE = Automatic;
				CURRENT_PROJECT_VERSION = 1;
				DEVELOPMENT_ASSET_PATHS = "\"VisionSandbox/Preview Content\"";
				DEVELOPMENT_TEAM = NCT5DLQUJC;
				ENABLE_PREVIEWS = YES;
				GENERATE_INFOPLIST_FILE = YES;
				INFOPLIST_KEY_UIApplicationSceneManifest_Generation = YES;
				INFOPLIST_KEY_UIApplicationSupportsIndirectInputEvents = YES;
				INFOPLIST_KEY_UILaunchScreen_Generation = YES;
				INFOPLIST_KEY_UISupportedInterfaceOrientations_iPad = "UIInterfaceOrientationPortrait UIInterfaceOrientationPortraitUpsideDown UIInterfaceOrientationLandscapeLeft UIInterfaceOrientationLandscapeRight";
				INFOPLIST_KEY_UISupportedInterfaceOrientations_iPhone = "UIInterfaceOrientationPortrait UIInterfaceOrientationLandscapeLeft UIInterfaceOrientationLandscapeRight";
				LD_RUNPATH_SEARCH_PATHS = (
					"$(inherited)",
					"@executable_path/Frameworks",
				);
				MARKETING_VERSION = 1.0;
				PRODUCT_BUNDLE_IDENTIFIER = me.alobaili.VisionSandbox;
				PRODUCT_NAME = "$(TARGET_NAME)";
				SWIFT_EMIT_LOC_STRINGS = YES;
				SWIFT_VERSION = 5.0;
				TARGETED_DEVICE_FAMILY = "1,2";
			};
			name = Debug;
		};
		4BC4EC0128B934FA00E8343C /* Release */ = {
			isa = XCBuildConfiguration;
			buildSettings = {
				ASSETCATALOG_COMPILER_APPICON_NAME = AppIcon;
				ASSETCATALOG_COMPILER_GLOBAL_ACCENT_COLOR_NAME = AccentColor;
				CODE_SIGN_STYLE = Automatic;
				CURRENT_PROJECT_VERSION = 1;
				DEVELOPMENT_ASSET_PATHS = "\"VisionSandbox/Preview Content\"";
				DEVELOPMENT_TEAM = NCT5DLQUJC;
				ENABLE_PREVIEWS = YES;
				GENERATE_INFOPLIST_FILE = YES;
				INFOPLIST_KEY_UIApplicationSceneManifest_Generation = YES;
				INFOPLIST_KEY_UIApplicationSupportsIndirectInputEvents = YES;
				INFOPLIST_KEY_UILaunchScreen_Generation = YES;
				INFOPLIST_KEY_UISupportedInterfaceOrientations_iPad = "UIInterfaceOrientationPortrait UIInterfaceOrientationPortraitUpsideDown UIInterfaceOrientationLandscapeLeft UIInterfaceOrientationLandscapeRight";
				INFOPLIST_KEY_UISupportedInterfaceOrientations_iPhone = "UIInterfaceOrientationPortrait UIInterfaceOrientationLandscapeLeft UIInterfaceOrientationLandscapeRight";
				LD_RUNPATH_SEARCH_PATHS = (
					"$(inherited)",
					"@executable_path/Frameworks",
				);
				MARKETING_VERSION = 1.0;
				PRODUCT_BUNDLE_IDENTIFIER = me.alobaili.VisionSandbox;
				PRODUCT_NAME = "$(TARGET_NAME)";
				SWIFT_EMIT_LOC_STRINGS = YES;
				SWIFT_VERSION = 5.0;
				TARGETED_DEVICE_FAMILY = "1,2";
			};
			name = Release;
		};
/* End XCBuildConfiguration section */

/* Begin XCConfigurationList section */
		4BC4EBEC28B934F900E8343C /* Build configuration list for PBXProject "VisionSandbox" */ = {
			isa = XCConfigurationList;
			buildConfigurations = (
				4BC4EBFD28B934FA00E8343C /* Debug */,
				4BC4EBFE28B934FA00E8343C /* Release */,
			);
			defaultConfigurationIsVisible = 0;
			defaultConfigurationName = Release;
		};
		4BC4EBFF28B934FA00E8343C /* Build configuration list for PBXNativeTarget "VisionSandbox" */ = {
			isa = XCConfigurationList;
			buildConfigurations = (
				4BC4EC0028B934FA00E8343C /* Debug */,
				4BC4EC0128B934FA00E8343C /* Release */,
			);
			defaultConfigurationIsVisible = 0;
			defaultConfigurationName = Release;
		};
/* End XCConfigurationList section */
	};
	rootObject = 4BC4EBE928B934F900E8343C /* Project object */;
}
